schema: '2.0'
stages:
  process:
    cmd: python -m src.scripts.process_data
    deps:
    - path: data/raw/fraud_dataset.csv
      hash: md5
      md5: 3dc3ca0a97f9e6a548fcdc4880d04125
      size: 5622418
    - path: src/features/feature_engineering.py
      hash: md5
      md5: 88a0b6c115637fa18c6ae9875ee12c24
      size: 1035
    - path: src/scripts/process_data.py
      hash: md5
      md5: 2e7e09f4949e127bec77ca12c33280fd
      size: 694
    outs:
    - path: data/processed/features.parquet
      hash: md5
      md5: dd2ee9a5cf83825a0daf56e09a60b637
      size: 3491186
  train:
    cmd: python -m src.models.train
    deps:
    - path: data/processed/features.parquet
      hash: md5
      md5: dd2ee9a5cf83825a0daf56e09a60b637
      size: 3491186
    - path: data/raw/dataset_metadata.json
      hash: md5
      md5: c0fad0ed78874d2397c3aea513376ec2
      size: 200
    - path: src/models/baseline.py
      hash: md5
      md5: 322f1dad20813b7bfa94f97f5781b2cf
      size: 4800
    - path: src/models/train.py
      hash: md5
      md5: 6664e780c1b74052dd534ed5747a93f4
      size: 3729
  generate_data:
    cmd: python -m src.scripts.generate_fraud_data
    deps:
    - path: src/scripts/generate_fraud_data.py
      hash: md5
      md5: 5f58a515af7518819553021ab120202e
      size: 2194
    outs:
    - path: data/raw/dataset_metadata.json
      hash: md5
      md5: c0fad0ed78874d2397c3aea513376ec2
      size: 200
    - path: data/raw/fraud_dataset.csv
      hash: md5
      md5: 3dc3ca0a97f9e6a548fcdc4880d04125
      size: 5622418
