schema: '2.0'
stages:
  process:
    cmd: python -m src.scripts.process_data
    deps:
    - path: data/raw/fraud_dataset.csv
      hash: md5
      md5: 650b896b9ff8ed026e9061b6ced06b75
      size: 5622977
    - path: src/features/feature_engineering.py
      hash: md5
      md5: 88a0b6c115637fa18c6ae9875ee12c24
      size: 1035
    - path: src/scripts/process_data.py
      hash: md5
      md5: 2e7e09f4949e127bec77ca12c33280fd
      size: 694
    outs:
    - path: data/processed/features.parquet
      hash: md5
      md5: 76b5de7be702bb3103e121fa78db2c2e
      size: 3489867
  train:
    cmd: python -m src.models.train
    deps:
    - path: data/processed/features.parquet
      hash: md5
      md5: 76b5de7be702bb3103e121fa78db2c2e
      size: 3489867
    - path: data/raw/dataset_metadata.json
      hash: md5
      md5: 92be7e04240df6770226aa3390b63dbb
      size: 199
    - path: src/models/baseline.py
      hash: md5
      md5: e69249e0218d3b14cf7e6c394bdf0000
      size: 4746
    - path: src/models/train.py
      hash: md5
      md5: 29686719733c26ef465ecaac30f01b56
      size: 2422
  generate_data:
    cmd: python -m src.scripts.generate_fraud_data
    deps:
    - path: src/scripts/generate_fraud_data.py
      hash: md5
      md5: 5f58a515af7518819553021ab120202e
      size: 2194
    outs:
    - path: data/raw/dataset_metadata.json
      hash: md5
      md5: 92be7e04240df6770226aa3390b63dbb
      size: 199
    - path: data/raw/fraud_dataset.csv
      hash: md5
      md5: 650b896b9ff8ed026e9061b6ced06b75
      size: 5622977
